
Microsoft Visual Studio Solution File, Format Version 12.00
# Visual Studio Version 17
VisualStudioVersion = 17.4.33403.182
MinimumVisualStudioVersion = 10.0.40219.1
Project("{FAE04EC0-301F-11D3-BF4B-00C04F79EFBC}") = "TestGmailSMTP", "TestGmailSMTP.csproj", "{ABADEDD6-AD3C-4877-AB1F-D27A8266AF84}"
EndProject
Global
	GlobalSection(SolutionConfigurationPlatforms) = preSolution
		Debug|Any CPU = Debug|Any CPU
		Release|Any CPU = Release|Any CPU
	EndGlobalSection
	GlobalSection(ProjectConfigurationPlatforms) = postSolution
		{ABADEDD6-AD3C-4877-AB1F-D27A8266AF84}.Debug|Any CPU.ActiveCfg = Debug|Any CPU
		{ABADEDD6-AD3C-4877-AB1F-D27A8266AF84}.Debug|Any CPU.Build.0 = Debug|Any CPU
		{ABADEDD6-AD3C-4877-AB1F-D27A8266AF84}.Release|Any CPU.ActiveCfg = Release|Any CPU
		{ABADEDD6-AD3C-4877-AB1F-D27A8266AF84}.Release|Any CPU.Build.0 = Release|Any CPU
	EndGlobalSection
	GlobalSection(SolutionProperties) = preSolution
		HideSolutionNode = FALSE
	EndGlobalSection
	GlobalSection(ExtensibilityGlobals) = postSolution
		SolutionGuid = {C1C984FF-5A41-4249-AE3D-9503A927D51E}
	EndGlobalSection
EndGlobal
